
Microsoft Visual Studio Solution File, Format Version 12.00
# Visual Studio Version 16
VisualStudioVersion = 16.0.32630.194
MinimumVisualStudioVersion = 10.0.40219.1
Project("{FAE04EC0-301F-11D3-BF4B-00C04F79EFBC}") = "Task1", "Task1\Task1.csproj", "{2E090016-18F6-4238-9981-EAFDD9365597}"
EndProject
Project("{FAE04EC0-301F-11D3-BF4B-00C04F79EFBC}") = "Task2", "Task2\Task2.csproj", "{6485A53D-6CFB-4C03-8143-EF38D599AD09}"
EndProject
Global
	GlobalSection(SolutionConfigurationPlatforms) = preSolution
		Debug|Any CPU = Debug|Any CPU
		Release|Any CPU = Release|Any CPU
	EndGlobalSection
	GlobalSection(ProjectConfigurationPlatforms) = postSolution
		{2E090016-18F6-4238-9981-EAFDD9365597}.Debug|Any CPU.ActiveCfg = Debug|Any CPU
		{2E090016-18F6-4238-9981-EAFDD9365597}.Debug|Any CPU.Build.0 = Debug|Any CPU
		{2E090016-18F6-4238-9981-EAFDD9365597}.Release|Any CPU.ActiveCfg = Release|Any CPU
		{2E090016-18F6-4238-9981-EAFDD9365597}.Release|Any CPU.Build.0 = Release|Any CPU
		{6485A53D-6CFB-4C03-8143-EF38D599AD09}.Debug|Any CPU.ActiveCfg = Debug|Any CPU
		{6485A53D-6CFB-4C03-8143-EF38D599AD09}.Debug|Any CPU.Build.0 = Debug|Any CPU
		{6485A53D-6CFB-4C03-8143-EF38D599AD09}.Release|Any CPU.ActiveCfg = Release|Any CPU
		{6485A53D-6CFB-4C03-8143-EF38D599AD09}.Release|Any CPU.Build.0 = Release|Any CPU
	EndGlobalSection
	GlobalSection(SolutionProperties) = preSolution
		HideSolutionNode = FALSE
	EndGlobalSection
	GlobalSection(ExtensibilityGlobals) = postSolution
		SolutionGuid = {46915F0D-F7F0-42E8-9DDE-18FA6AA56D5F}
	EndGlobalSection
EndGlobal
